
Microsoft Visual Studio Solution File, Format Version 12.00
# Visual Studio Version 16
VisualStudioVersion = 16.0.30503.244
MinimumVisualStudioVersion = 10.0.40219.1
Project("{9A19103F-16F7-4668-BE54-9A1E7A4F7556}") = "test_jpeg", "test_jpeg.csproj", "{3C4FE1E3-F9F0-43EB-88DE-5EE10524AC97}"
EndProject
Project("{9A19103F-16F7-4668-BE54-9A1E7A4F7556}") = "JPEG_CLASS_LIB", "..\..\vs\JPEG_CLASS_LIB\JPEG_CLASS_LIB.csproj", "{8841A541-C9C5-4696-BEED-C46877202983}"
EndProject
Project("{FAE04EC0-301F-11D3-BF4B-00C04F79EFBC}") = "GUITest", "..\..\GUITest\GUITest\GUITest.csproj", "{EF4BFB8E-FB1B-4129-9392-2CFC44D96A40}"
EndProject
Project("{FAE04EC0-301F-11D3-BF4B-00C04F79EFBC}") = "JPEG.Tests", "..\JPEG.Tests\JPEG.Tests.csproj", "{897E0984-A4A3-424C-853D-F25781ED7389}"
EndProject
Global
	GlobalSection(SolutionConfigurationPlatforms) = preSolution
		Debug|Any CPU = Debug|Any CPU
		Release|Any CPU = Release|Any CPU
	EndGlobalSection
	GlobalSection(ProjectConfigurationPlatforms) = postSolution
		{3C4FE1E3-F9F0-43EB-88DE-5EE10524AC97}.Debug|Any CPU.ActiveCfg = Debug|Any CPU
		{3C4FE1E3-F9F0-43EB-88DE-5EE10524AC97}.Debug|Any CPU.Build.0 = Debug|Any CPU
		{3C4FE1E3-F9F0-43EB-88DE-5EE10524AC97}.Release|Any CPU.ActiveCfg = Release|Any CPU
		{3C4FE1E3-F9F0-43EB-88DE-5EE10524AC97}.Release|Any CPU.Build.0 = Release|Any CPU
		{8841A541-C9C5-4696-BEED-C46877202983}.Debug|Any CPU.ActiveCfg = Debug|Any CPU
		{8841A541-C9C5-4696-BEED-C46877202983}.Debug|Any CPU.Build.0 = Debug|Any CPU
		{8841A541-C9C5-4696-BEED-C46877202983}.Release|Any CPU.ActiveCfg = Release|Any CPU
		{8841A541-C9C5-4696-BEED-C46877202983}.Release|Any CPU.Build.0 = Release|Any CPU
		{EF4BFB8E-FB1B-4129-9392-2CFC44D96A40}.Debug|Any CPU.ActiveCfg = Debug|Any CPU
		{EF4BFB8E-FB1B-4129-9392-2CFC44D96A40}.Debug|Any CPU.Build.0 = Debug|Any CPU
		{EF4BFB8E-FB1B-4129-9392-2CFC44D96A40}.Release|Any CPU.ActiveCfg = Release|Any CPU
		{EF4BFB8E-FB1B-4129-9392-2CFC44D96A40}.Release|Any CPU.Build.0 = Release|Any CPU
		{897E0984-A4A3-424C-853D-F25781ED7389}.Debug|Any CPU.ActiveCfg = Debug|Any CPU
		{897E0984-A4A3-424C-853D-F25781ED7389}.Debug|Any CPU.Build.0 = Debug|Any CPU
		{897E0984-A4A3-424C-853D-F25781ED7389}.Release|Any CPU.ActiveCfg = Release|Any CPU
		{897E0984-A4A3-424C-853D-F25781ED7389}.Release|Any CPU.Build.0 = Release|Any CPU
	EndGlobalSection
	GlobalSection(SolutionProperties) = preSolution
		HideSolutionNode = FALSE
	EndGlobalSection
	GlobalSection(ExtensibilityGlobals) = postSolution
		SolutionGuid = {07FC6D8C-96B8-4018-88AD-B6C68748E099}
	EndGlobalSection
EndGlobal
